
Microsoft Visual Studio Solution File, Format Version 12.00
# Visual Studio 14
VisualStudioVersion = 14.0.25420.1
MinimumVisualStudioVersion = 10.0.40219.1
Project("{FAE04EC0-301F-11D3-BF4B-00C04F79EFBC}") = "PracticeIntNumbers", "PracticeIntNumbers\PracticeIntNumbers.csproj", "{C169FFB4-60F1-4CD4-BBCA-43734F5941D4}"
EndProject
Project("{FAE04EC0-301F-11D3-BF4B-00C04F79EFBC}") = "PracticeFloatingPointNumbers", "PracticeFloatingPointNumbers\PracticeFloatingPointNumbers.csproj", "{42E4F219-D213-4014-8BF2-36E9EFF93B41}"
EndProject
Project("{FAE04EC0-301F-11D3-BF4B-00C04F79EFBC}") = "PracticeCharAndString", "PracticeCharAndString\PracticeCharAndString.csproj", "{C564D364-B497-40BB-B460-5627C38DCA44}"
EndProject
Project("{FAE04EC0-301F-11D3-BF4B-00C04F79EFBC}") = "HexadecimalConvert", "HexadecimalConvert\HexadecimalConvert.csproj", "{993FD98F-6494-4B24-83D3-C97C40476895}"
EndProject
Project("{FAE04EC0-301F-11D3-BF4B-00C04F79EFBC}") = "BooleanVariable", "BooleanVariable\BooleanVariable.csproj", "{0C574064-3F23-4974-8F48-034B2F4061D8}"
EndProject
Project("{FAE04EC0-301F-11D3-BF4B-00C04F79EFBC}") = "StringAndObjects", "StringAndObjects\StringAndObjects.csproj", "{B7501536-06F3-4DA8-991E-57A317B522DD}"
EndProject
Project("{FAE04EC0-301F-11D3-BF4B-00C04F79EFBC}") = "ExchangeVariables", "ExchangeVariables\ExchangeVariables.csproj", "{1E34DED8-B905-4813-8A04-F37E1BA2993D}"
EndProject
Project("{FAE04EC0-301F-11D3-BF4B-00C04F79EFBC}") = "EmployeeData", "EmployeeData\EmployeeData.csproj", "{D42EE5A8-D94D-439D-85EE-119AF197770C}"
EndProject
Project("{FAE04EC0-301F-11D3-BF4B-00C04F79EFBC}") = "ReverseCharacters", "ReverseCharacters\ReverseCharacters.csproj", "{91DECD07-41F8-4702-824B-FB6E15454725}"
EndProject
Project("{FAE04EC0-301F-11D3-BF4B-00C04F79EFBC}") = "CenturiesToNanoseconds", "CenturiesToNanoseconds\CenturiesToNanoseconds.csproj", "{3D00619F-DD3D-4865-A7FA-AEC9C791C528}"
EndProject
Project("{FAE04EC0-301F-11D3-BF4B-00C04F79EFBC}") = "ConvertorSpeedUnits", "ConvertorSpeedUnits\ConvertorSpeedUnits.csproj", "{07942932-ACF9-40BE-8F53-38D44F8754B5}"
EndProject
Project("{FAE04EC0-301F-11D3-BF4B-00C04F79EFBC}") = "RectangleDiagonal", "RectangleDiagonal\RectangleDiagonal.csproj", "{5A2F6CAF-6AEC-45C9-BC02-FF43EC30FAF3}"
EndProject
Project("{FAE04EC0-301F-11D3-BF4B-00C04F79EFBC}") = "VowelOrDigit", "VowelOrDigit\VowelOrDigit.csproj", "{656FE017-01F9-4BD1-958D-89756E752863}"
EndProject
Project("{FAE04EC0-301F-11D3-BF4B-00C04F79EFBC}") = "IntToHexAndBinar", "IntToHexAndBinar\IntToHexAndBinar.csproj", "{328CB689-D52E-456C-8747-0771C676D6B1}"
EndProject
Global
	GlobalSection(SolutionConfigurationPlatforms) = preSolution
		Debug|Any CPU = Debug|Any CPU
		Release|Any CPU = Release|Any CPU
	EndGlobalSection
	GlobalSection(ProjectConfigurationPlatforms) = postSolution
		{C169FFB4-60F1-4CD4-BBCA-43734F5941D4}.Debug|Any CPU.ActiveCfg = Debug|Any CPU
		{C169FFB4-60F1-4CD4-BBCA-43734F5941D4}.Debug|Any CPU.Build.0 = Debug|Any CPU
		{C169FFB4-60F1-4CD4-BBCA-43734F5941D4}.Release|Any CPU.ActiveCfg = Release|Any CPU
		{C169FFB4-60F1-4CD4-BBCA-43734F5941D4}.Release|Any CPU.Build.0 = Release|Any CPU
		{42E4F219-D213-4014-8BF2-36E9EFF93B41}.Debug|Any CPU.ActiveCfg = Debug|Any CPU
		{42E4F219-D213-4014-8BF2-36E9EFF93B41}.Debug|Any CPU.Build.0 = Debug|Any CPU
		{42E4F219-D213-4014-8BF2-36E9EFF93B41}.Release|Any CPU.ActiveCfg = Release|Any CPU
		{42E4F219-D213-4014-8BF2-36E9EFF93B41}.Release|Any CPU.Build.0 = Release|Any CPU
		{C564D364-B497-40BB-B460-5627C38DCA44}.Debug|Any CPU.ActiveCfg = Debug|Any CPU
		{C564D364-B497-40BB-B460-5627C38DCA44}.Debug|Any CPU.Build.0 = Debug|Any CPU
		{C564D364-B497-40BB-B460-5627C38DCA44}.Release|Any CPU.ActiveCfg = Release|Any CPU
		{C564D364-B497-40BB-B460-5627C38DCA44}.Release|Any CPU.Build.0 = Release|Any CPU
		{993FD98F-6494-4B24-83D3-C97C40476895}.Debug|Any CPU.ActiveCfg = Debug|Any CPU
		{993FD98F-6494-4B24-83D3-C97C40476895}.Debug|Any CPU.Build.0 = Debug|Any CPU
		{993FD98F-6494-4B24-83D3-C97C40476895}.Release|Any CPU.ActiveCfg = Release|Any CPU
		{993FD98F-6494-4B24-83D3-C97C40476895}.Release|Any CPU.Build.0 = Release|Any CPU
		{0C574064-3F23-4974-8F48-034B2F4061D8}.Debug|Any CPU.ActiveCfg = Debug|Any CPU
		{0C574064-3F23-4974-8F48-034B2F4061D8}.Debug|Any CPU.Build.0 = Debug|Any CPU
		{0C574064-3F23-4974-8F48-034B2F4061D8}.Release|Any CPU.ActiveCfg = Release|Any CPU
		{0C574064-3F23-4974-8F48-034B2F4061D8}.Release|Any CPU.Build.0 = Release|Any CPU
		{B7501536-06F3-4DA8-991E-57A317B522DD}.Debug|Any CPU.ActiveCfg = Debug|Any CPU
		{B7501536-06F3-4DA8-991E-57A317B522DD}.Debug|Any CPU.Build.0 = Debug|Any CPU
		{B7501536-06F3-4DA8-991E-57A317B522DD}.Release|Any CPU.ActiveCfg = Release|Any CPU
		{B7501536-06F3-4DA8-991E-57A317B522DD}.Release|Any CPU.Build.0 = Release|Any CPU
		{1E34DED8-B905-4813-8A04-F37E1BA2993D}.Debug|Any CPU.ActiveCfg = Debug|Any CPU
		{1E34DED8-B905-4813-8A04-F37E1BA2993D}.Debug|Any CPU.Build.0 = Debug|Any CPU
		{1E34DED8-B905-4813-8A04-F37E1BA2993D}.Release|Any CPU.ActiveCfg = Release|Any CPU
		{1E34DED8-B905-4813-8A04-F37E1BA2993D}.Release|Any CPU.Build.0 = Release|Any CPU
		{D42EE5A8-D94D-439D-85EE-119AF197770C}.Debug|Any CPU.ActiveCfg = Debug|Any CPU
		{D42EE5A8-D94D-439D-85EE-119AF197770C}.Debug|Any CPU.Build.0 = Debug|Any CPU
		{D42EE5A8-D94D-439D-85EE-119AF197770C}.Release|Any CPU.ActiveCfg = Release|Any CPU
		{D42EE5A8-D94D-439D-85EE-119AF197770C}.Release|Any CPU.Build.0 = Release|Any CPU
		{91DECD07-41F8-4702-824B-FB6E15454725}.Debug|Any CPU.ActiveCfg = Debug|Any CPU
		{91DECD07-41F8-4702-824B-FB6E15454725}.Debug|Any CPU.Build.0 = Debug|Any CPU
		{91DECD07-41F8-4702-824B-FB6E15454725}.Release|Any CPU.ActiveCfg = Release|Any CPU
		{91DECD07-41F8-4702-824B-FB6E15454725}.Release|Any CPU.Build.0 = Release|Any CPU
		{3D00619F-DD3D-4865-A7FA-AEC9C791C528}.Debug|Any CPU.ActiveCfg = Debug|Any CPU
		{3D00619F-DD3D-4865-A7FA-AEC9C791C528}.Debug|Any CPU.Build.0 = Debug|Any CPU
		{3D00619F-DD3D-4865-A7FA-AEC9C791C528}.Release|Any CPU.ActiveCfg = Release|Any CPU
		{3D00619F-DD3D-4865-A7FA-AEC9C791C528}.Release|Any CPU.Build.0 = Release|Any CPU
		{07942932-ACF9-40BE-8F53-38D44F8754B5}.Debug|Any CPU.ActiveCfg = Debug|Any CPU
		{07942932-ACF9-40BE-8F53-38D44F8754B5}.Debug|Any CPU.Build.0 = Debug|Any CPU
		{07942932-ACF9-40BE-8F53-38D44F8754B5}.Release|Any CPU.ActiveCfg = Release|Any CPU
		{07942932-ACF9-40BE-8F53-38D44F8754B5}.Release|Any CPU.Build.0 = Release|Any CPU
		{5A2F6CAF-6AEC-45C9-BC02-FF43EC30FAF3}.Debug|Any CPU.ActiveCfg = Debug|Any CPU
		{5A2F6CAF-6AEC-45C9-BC02-FF43EC30FAF3}.Debug|Any CPU.Build.0 = Debug|Any CPU
		{5A2F6CAF-6AEC-45C9-BC02-FF43EC30FAF3}.Release|Any CPU.ActiveCfg = Release|Any CPU
		{5A2F6CAF-6AEC-45C9-BC02-FF43EC30FAF3}.Release|Any CPU.Build.0 = Release|Any CPU
		{656FE017-01F9-4BD1-958D-89756E752863}.Debug|Any CPU.ActiveCfg = Debug|Any CPU
		{656FE017-01F9-4BD1-958D-89756E752863}.Debug|Any CPU.Build.0 = Debug|Any CPU
		{656FE017-01F9-4BD1-958D-89756E752863}.Release|Any CPU.ActiveCfg = Release|Any CPU
		{656FE017-01F9-4BD1-958D-89756E752863}.Release|Any CPU.Build.0 = Release|Any CPU
		{328CB689-D52E-456C-8747-0771C676D6B1}.Debug|Any CPU.ActiveCfg = Debug|Any CPU
		{328CB689-D52E-456C-8747-0771C676D6B1}.Debug|Any CPU.Build.0 = Debug|Any CPU
		{328CB689-D52E-456C-8747-0771C676D6B1}.Release|Any CPU.ActiveCfg = Release|Any CPU
		{328CB689-D52E-456C-8747-0771C676D6B1}.Release|Any CPU.Build.0 = Release|Any CPU
	EndGlobalSection
	GlobalSection(SolutionProperties) = preSolution
		HideSolutionNode = FALSE
	EndGlobalSection
EndGlobal
